// !$*UTF8*$!
{
	archiveVersion = 1;
	classes = {
	};
	objectVersion = 56;
	objects = {

/* Begin PBXBuildFile section */
		A00AF8662A8464DB004B55B1 /* AsyncAwaitViewController.swift in Sources */ = {isa = PBXBuildFile; fileRef = A00AF8652A8464DB004B55B1 /* AsyncAwaitViewController.swift */; };
		A03256482AA15C0300818691 /* ColorPickerButton.swift in Sources */ = {isa = PBXBuildFile; fileRef = A03256472AA15C0300818691 /* ColorPickerButton.swift */; };
		A032564A2AA17A1400818691 /* WidthButton.swift in Sources */ = {isa = PBXBuildFile; fileRef = A03256492AA17A1400818691 /* WidthButton.swift */; };
		A04B32962ACE5A9300AD49E0 /* CapturePreventionViewController.swift in Sources */ = {isa = PBXBuildFile; fileRef = A04B32952ACE5A9300AD49E0 /* CapturePreventionViewController.swift */; };
		A059A3922AB1812000226CB5 /* SliderViewController.swift in Sources */ = {isa = PBXBuildFile; fileRef = A059A3912AB1812000226CB5 /* SliderViewController.swift */; };
		A05FC7BD2A5BD0DF00CEA3B1 /* DBMultiSyncViewController.swift in Sources */ = {isa = PBXBuildFile; fileRef = A05FC7BC2A5BD0DF00CEA3B1 /* DBMultiSyncViewController.swift */; };
		A05FC7BF2A5BD0E900CEA3B1 /* DBMultiSyncViewModel.swift in Sources */ = {isa = PBXBuildFile; fileRef = A05FC7BE2A5BD0E900CEA3B1 /* DBMultiSyncViewModel.swift */; };
		A05FC7C22A5BD38A00CEA3B1 /* DrawingEntity.xcdatamodeld in Sources */ = {isa = PBXBuildFile; fileRef = A05FC7C02A5BD38A00CEA3B1 /* DrawingEntity.xcdatamodeld */; };
		A05FC7C42A5BD3D000CEA3B1 /* DBMultiSyncCoreData.swift in Sources */ = {isa = PBXBuildFile; fileRef = A05FC7C32A5BD3D000CEA3B1 /* DBMultiSyncCoreData.swift */; };
		A05FC7C62A5BD50E00CEA3B1 /* DrawingEntity.swift in Sources */ = {isa = PBXBuildFile; fileRef = A05FC7C52A5BD50E00CEA3B1 /* DrawingEntity.swift */; };
		A05FC7C82A5BD55900CEA3B1 /* DrawingStorage.swift in Sources */ = {isa = PBXBuildFile; fileRef = A05FC7C72A5BD55900CEA3B1 /* DrawingStorage.swift */; };
		A05FC7CA2A5BD5BF00CEA3B1 /* DrawingRepository.swift in Sources */ = {isa = PBXBuildFile; fileRef = A05FC7C92A5BD5BF00CEA3B1 /* DrawingRepository.swift */; };
		A05FC7CC2A5BD5F100CEA3B1 /* Drawing.swift in Sources */ = {isa = PBXBuildFile; fileRef = A05FC7CB2A5BD5F100CEA3B1 /* Drawing.swift */; };
		A05FC7CE2A5BDD0900CEA3B1 /* DBMultiSyncUseCase.swift in Sources */ = {isa = PBXBuildFile; fileRef = A05FC7CD2A5BDD0900CEA3B1 /* DBMultiSyncUseCase.swift */; };
		A05FC7D12A5BE6C800CEA3B1 /* RuntimeSyncViewController.swift in Sources */ = {isa = PBXBuildFile; fileRef = A05FC7D02A5BE6C800CEA3B1 /* RuntimeSyncViewController.swift */; };
		A05FC7D32A5BE6F700CEA3B1 /* RuntimeSyncViewModel.swift in Sources */ = {isa = PBXBuildFile; fileRef = A05FC7D22A5BE6F700CEA3B1 /* RuntimeSyncViewModel.swift */; };
		A065B7602AA03A6100C72630 /* ToolPickerControlViewController.swift in Sources */ = {isa = PBXBuildFile; fileRef = A065B75F2AA03A6100C72630 /* ToolPickerControlViewController.swift */; };
		A065B7632AA06CBB00C72630 /* DrawerButton.swift in Sources */ = {isa = PBXBuildFile; fileRef = A065B7622AA06CBB00C72630 /* DrawerButton.swift */; };
		A065B7652AA06CD500C72630 /* ToolPickerView.swift in Sources */ = {isa = PBXBuildFile; fileRef = A065B7642AA06CD500C72630 /* ToolPickerView.swift */; };
		A065B7672AA0701200C72630 /* ToolPickerViewController.swift in Sources */ = {isa = PBXBuildFile; fileRef = A065B7662AA0701200C72630 /* ToolPickerViewController.swift */; };
		A0683F532A57DFF3003884EE /* CanvasSyncViewController.swift in Sources */ = {isa = PBXBuildFile; fileRef = A0683F522A57DFF3003884EE /* CanvasSyncViewController.swift */; };
		A06E57082AAFF7B7008ED435 /* DynamicCellViewController.swift in Sources */ = {isa = PBXBuildFile; fileRef = A06E57072AAFF7B7008ED435 /* DynamicCellViewController.swift */; };
		A0714ACF2A56936C0043A4A6 /* AppDelegate.swift in Sources */ = {isa = PBXBuildFile; fileRef = A0714ACE2A56936C0043A4A6 /* AppDelegate.swift */; };
		A0714AD12A56936C0043A4A6 /* SceneDelegate.swift in Sources */ = {isa = PBXBuildFile; fileRef = A0714AD02A56936C0043A4A6 /* SceneDelegate.swift */; };
		A0714AD82A56936D0043A4A6 /* Assets.xcassets in Resources */ = {isa = PBXBuildFile; fileRef = A0714AD72A56936D0043A4A6 /* Assets.xcassets */; };
		A0714ADB2A56936D0043A4A6 /* LaunchScreen.storyboard in Resources */ = {isa = PBXBuildFile; fileRef = A0714AD92A56936D0043A4A6 /* LaunchScreen.storyboard */; };
		A0714AE32A5693ED0043A4A6 /* MultiSyncViewController.swift in Sources */ = {isa = PBXBuildFile; fileRef = A0714AE22A5693ED0043A4A6 /* MultiSyncViewController.swift */; };
		A090809F2ABBDC53008805B4 /* OAuthViewController.swift in Sources */ = {isa = PBXBuildFile; fileRef = A090809E2ABBDC53008805B4 /* OAuthViewController.swift */; };
		A09359422AC114F200206A34 /* AssignViewController.swift in Sources */ = {isa = PBXBuildFile; fileRef = A09359412AC114F200206A34 /* AssignViewController.swift */; };
		A0A6E2A22A807712000EA24D /* ButtonSyncViewController.swift in Sources */ = {isa = PBXBuildFile; fileRef = A0A6E2A12A807712000EA24D /* ButtonSyncViewController.swift */; };
		A0A6E2A52A807BC3000EA24D /* ButtonSyncViewModel.swift in Sources */ = {isa = PBXBuildFile; fileRef = A0A6E2A42A807BC3000EA24D /* ButtonSyncViewModel.swift */; };
		A0A6E2A72A807BD7000EA24D /* Selection.swift in Sources */ = {isa = PBXBuildFile; fileRef = A0A6E2A62A807BD7000EA24D /* Selection.swift */; };
		A0A8BF902ACF937D00A590E4 /* SubmissionViewController.swift in Sources */ = {isa = PBXBuildFile; fileRef = A0A8BF8F2ACF937D00A590E4 /* SubmissionViewController.swift */; };
		A0A8BF922ACF939700A590E4 /* SubmissionViewModel.swift in Sources */ = {isa = PBXBuildFile; fileRef = A0A8BF912ACF939700A590E4 /* SubmissionViewModel.swift */; };
		A0A8BF942ACF93A200A590E4 /* SubmissionTableViewCell.swift in Sources */ = {isa = PBXBuildFile; fileRef = A0A8BF932ACF93A200A590E4 /* SubmissionTableViewCell.swift */; };
		A0A8BF962ACF957200A590E4 /* SubmissionListAdapter.swift in Sources */ = {isa = PBXBuildFile; fileRef = A0A8BF952ACF957200A590E4 /* SubmissionListAdapter.swift */; };
		A0A8BF982ACF976F00A590E4 /* Submission.swift in Sources */ = {isa = PBXBuildFile; fileRef = A0A8BF972ACF976F00A590E4 /* Submission.swift */; };
		A0B462B12A5B7E4800F9910F /* CombineMultiSyncViewController.swift in Sources */ = {isa = PBXBuildFile; fileRef = A0B462B02A5B7E4800F9910F /* CombineMultiSyncViewController.swift */; };
		A0B462B32A5B7E5000F9910F /* CombineMultiSyncViewModel.swift in Sources */ = {isa = PBXBuildFile; fileRef = A0B462B22A5B7E5000F9910F /* CombineMultiSyncViewModel.swift */; };
		A0BFBDBA2A81C1DA0095F743 /* SelectionButtonsViewModel.swift in Sources */ = {isa = PBXBuildFile; fileRef = A0BFBDB92A81C1DA0095F743 /* SelectionButtonsViewModel.swift */; };
		A0BFBDBC2A81C1E60095F743 /* SelectionButtonsViewController.swift in Sources */ = {isa = PBXBuildFile; fileRef = A0BFBDBB2A81C1E60095F743 /* SelectionButtonsViewController.swift */; };
		A0BFBDBF2A8218B40095F743 /* StackViewController.swift in Sources */ = {isa = PBXBuildFile; fileRef = A0BFBDBE2A8218B40095F743 /* StackViewController.swift */; };
		A0DEE9DA2A5D1A5D0087A5B8 /* Debouncer.swift in Sources */ = {isa = PBXBuildFile; fileRef = A0DEE9D92A5D1A5D0087A5B8 /* Debouncer.swift */; };
		A0E5A72C2AA998BB005628E6 /* UndoRedoViewController.swift in Sources */ = {isa = PBXBuildFile; fileRef = A0E5A72B2AA998BB005628E6 /* UndoRedoViewController.swift */; };
		A0E8BACA2AC3AB69006232A0 /* EnumViewModel.swift in Sources */ = {isa = PBXBuildFile; fileRef = A0E8BAC92AC3AB69006232A0 /* EnumViewModel.swift */; };
		A0E8BACC2AC3AB72006232A0 /* EnumViewController.swift in Sources */ = {isa = PBXBuildFile; fileRef = A0E8BACB2AC3AB72006232A0 /* EnumViewController.swift */; };
		A0F1215D2AB3E56100F09E96 /* DataCanvasViewController.swift in Sources */ = {isa = PBXBuildFile; fileRef = A0F1215C2AB3E56000F09E96 /* DataCanvasViewController.swift */; };
		A0F5048D2AAEE8180059C6FD /* TodoViewController.swift in Sources */ = {isa = PBXBuildFile; fileRef = A0F5048C2AAEE8180059C6FD /* TodoViewController.swift */; };
/* End PBXBuildFile section */

/* Begin PBXFileReference section */
		A00AF8652A8464DB004B55B1 /* AsyncAwaitViewController.swift */ = {isa = PBXFileReference; lastKnownFileType = sourcecode.swift; path = AsyncAwaitViewController.swift; sourceTree = "<group>"; };
		A03256472AA15C0300818691 /* ColorPickerButton.swift */ = {isa = PBXFileReference; lastKnownFileType = sourcecode.swift; path = ColorPickerButton.swift; sourceTree = "<group>"; };
		A03256492AA17A1400818691 /* WidthButton.swift */ = {isa = PBXFileReference; lastKnownFileType = sourcecode.swift; path = WidthButton.swift; sourceTree = "<group>"; };
		A04B32952ACE5A9300AD49E0 /* CapturePreventionViewController.swift */ = {isa = PBXFileReference; lastKnownFileType = sourcecode.swift; path = CapturePreventionViewController.swift; sourceTree = "<group>"; };
		A059A3912AB1812000226CB5 /* SliderViewController.swift */ = {isa = PBXFileReference; lastKnownFileType = sourcecode.swift; path = SliderViewController.swift; sourceTree = "<group>"; };
		A05FC7BC2A5BD0DF00CEA3B1 /* DBMultiSyncViewController.swift */ = {isa = PBXFileReference; lastKnownFileType = sourcecode.swift; path = DBMultiSyncViewController.swift; sourceTree = "<group>"; };
		A05FC7BE2A5BD0E900CEA3B1 /* DBMultiSyncViewModel.swift */ = {isa = PBXFileReference; lastKnownFileType = sourcecode.swift; path = DBMultiSyncViewModel.swift; sourceTree = "<group>"; };
		A05FC7C12A5BD38A00CEA3B1 /* Drawing.xcdatamodel */ = {isa = PBXFileReference; lastKnownFileType = wrapper.xcdatamodel; path = Drawing.xcdatamodel; sourceTree = "<group>"; };
		A05FC7C32A5BD3D000CEA3B1 /* DBMultiSyncCoreData.swift */ = {isa = PBXFileReference; lastKnownFileType = sourcecode.swift; path = DBMultiSyncCoreData.swift; sourceTree = "<group>"; };
		A05FC7C52A5BD50E00CEA3B1 /* DrawingEntity.swift */ = {isa = PBXFileReference; lastKnownFileType = sourcecode.swift; path = DrawingEntity.swift; sourceTree = "<group>"; };
		A05FC7C72A5BD55900CEA3B1 /* DrawingStorage.swift */ = {isa = PBXFileReference; lastKnownFileType = sourcecode.swift; path = DrawingStorage.swift; sourceTree = "<group>"; };
		A05FC7C92A5BD5BF00CEA3B1 /* DrawingRepository.swift */ = {isa = PBXFileReference; lastKnownFileType = sourcecode.swift; path = DrawingRepository.swift; sourceTree = "<group>"; };
		A05FC7CB2A5BD5F100CEA3B1 /* Drawing.swift */ = {isa = PBXFileReference; lastKnownFileType = sourcecode.swift; path = Drawing.swift; sourceTree = "<group>"; };
		A05FC7CD2A5BDD0900CEA3B1 /* DBMultiSyncUseCase.swift */ = {isa = PBXFileReference; lastKnownFileType = sourcecode.swift; path = DBMultiSyncUseCase.swift; sourceTree = "<group>"; };
		A05FC7D02A5BE6C800CEA3B1 /* RuntimeSyncViewController.swift */ = {isa = PBXFileReference; lastKnownFileType = sourcecode.swift; path = RuntimeSyncViewController.swift; sourceTree = "<group>"; };
		A05FC7D22A5BE6F700CEA3B1 /* RuntimeSyncViewModel.swift */ = {isa = PBXFileReference; lastKnownFileType = sourcecode.swift; path = RuntimeSyncViewModel.swift; sourceTree = "<group>"; };
		A065B75F2AA03A6100C72630 /* ToolPickerControlViewController.swift */ = {isa = PBXFileReference; lastKnownFileType = sourcecode.swift; path = ToolPickerControlViewController.swift; sourceTree = "<group>"; };
		A065B7622AA06CBB00C72630 /* DrawerButton.swift */ = {isa = PBXFileReference; lastKnownFileType = sourcecode.swift; path = DrawerButton.swift; sourceTree = "<group>"; };
		A065B7642AA06CD500C72630 /* ToolPickerView.swift */ = {isa = PBXFileReference; lastKnownFileType = sourcecode.swift; path = ToolPickerView.swift; sourceTree = "<group>"; };
		A065B7662AA0701200C72630 /* ToolPickerViewController.swift */ = {isa = PBXFileReference; lastKnownFileType = sourcecode.swift; path = ToolPickerViewController.swift; sourceTree = "<group>"; };
		A0683F522A57DFF3003884EE /* CanvasSyncViewController.swift */ = {isa = PBXFileReference; lastKnownFileType = sourcecode.swift; path = CanvasSyncViewController.swift; sourceTree = "<group>"; };
		A06E57072AAFF7B7008ED435 /* DynamicCellViewController.swift */ = {isa = PBXFileReference; lastKnownFileType = sourcecode.swift; path = DynamicCellViewController.swift; sourceTree = "<group>"; };
		A0714ACB2A56936C0043A4A6 /* MultiSync.app */ = {isa = PBXFileReference; explicitFileType = wrapper.application; includeInIndex = 0; path = MultiSync.app; sourceTree = BUILT_PRODUCTS_DIR; };
		A0714ACE2A56936C0043A4A6 /* AppDelegate.swift */ = {isa = PBXFileReference; lastKnownFileType = sourcecode.swift; path = AppDelegate.swift; sourceTree = "<group>"; };
		A0714AD02A56936C0043A4A6 /* SceneDelegate.swift */ = {isa = PBXFileReference; lastKnownFileType = sourcecode.swift; path = SceneDelegate.swift; sourceTree = "<group>"; };
		A0714AD72A56936D0043A4A6 /* Assets.xcassets */ = {isa = PBXFileReference; lastKnownFileType = folder.assetcatalog; path = Assets.xcassets; sourceTree = "<group>"; };
		A0714ADA2A56936D0043A4A6 /* Base */ = {isa = PBXFileReference; lastKnownFileType = file.storyboard; name = Base; path = Base.lproj/LaunchScreen.storyboard; sourceTree = "<group>"; };
		A0714ADC2A56936D0043A4A6 /* Info.plist */ = {isa = PBXFileReference; lastKnownFileType = text.plist.xml; path = Info.plist; sourceTree = "<group>"; };
		A0714AE22A5693ED0043A4A6 /* MultiSyncViewController.swift */ = {isa = PBXFileReference; lastKnownFileType = sourcecode.swift; path = MultiSyncViewController.swift; sourceTree = "<group>"; };
		A090809E2ABBDC53008805B4 /* OAuthViewController.swift */ = {isa = PBXFileReference; lastKnownFileType = sourcecode.swift; path = OAuthViewController.swift; sourceTree = "<group>"; };
		A09359412AC114F200206A34 /* AssignViewController.swift */ = {isa = PBXFileReference; lastKnownFileType = sourcecode.swift; path = AssignViewController.swift; sourceTree = "<group>"; };
		A0A6E2A12A807712000EA24D /* ButtonSyncViewController.swift */ = {isa = PBXFileReference; lastKnownFileType = sourcecode.swift; path = ButtonSyncViewController.swift; sourceTree = "<group>"; };
		A0A6E2A42A807BC3000EA24D /* ButtonSyncViewModel.swift */ = {isa = PBXFileReference; lastKnownFileType = sourcecode.swift; path = ButtonSyncViewModel.swift; sourceTree = "<group>"; };
		A0A6E2A62A807BD7000EA24D /* Selection.swift */ = {isa = PBXFileReference; lastKnownFileType = sourcecode.swift; path = Selection.swift; sourceTree = "<group>"; };
		A0A8BF8F2ACF937D00A590E4 /* SubmissionViewController.swift */ = {isa = PBXFileReference; lastKnownFileType = sourcecode.swift; path = SubmissionViewController.swift; sourceTree = "<group>"; };
		A0A8BF912ACF939700A590E4 /* SubmissionViewModel.swift */ = {isa = PBXFileReference; lastKnownFileType = sourcecode.swift; path = SubmissionViewModel.swift; sourceTree = "<group>"; };
		A0A8BF932ACF93A200A590E4 /* SubmissionTableViewCell.swift */ = {isa = PBXFileReference; lastKnownFileType = sourcecode.swift; path = SubmissionTableViewCell.swift; sourceTree = "<group>"; };
		A0A8BF952ACF957200A590E4 /* SubmissionListAdapter.swift */ = {isa = PBXFileReference; lastKnownFileType = sourcecode.swift; path = SubmissionListAdapter.swift; sourceTree = "<group>"; };
		A0A8BF972ACF976F00A590E4 /* Submission.swift */ = {isa = PBXFileReference; lastKnownFileType = sourcecode.swift; path = Submission.swift; sourceTree = "<group>"; };
		A0B462B02A5B7E4800F9910F /* CombineMultiSyncViewController.swift */ = {isa = PBXFileReference; lastKnownFileType = sourcecode.swift; path = CombineMultiSyncViewController.swift; sourceTree = "<group>"; };
		A0B462B22A5B7E5000F9910F /* CombineMultiSyncViewModel.swift */ = {isa = PBXFileReference; lastKnownFileType = sourcecode.swift; path = CombineMultiSyncViewModel.swift; sourceTree = "<group>"; };
		A0BFBDB92A81C1DA0095F743 /* SelectionButtonsViewModel.swift */ = {isa = PBXFileReference; lastKnownFileType = sourcecode.swift; path = SelectionButtonsViewModel.swift; sourceTree = "<group>"; };
		A0BFBDBB2A81C1E60095F743 /* SelectionButtonsViewController.swift */ = {isa = PBXFileReference; lastKnownFileType = sourcecode.swift; path = SelectionButtonsViewController.swift; sourceTree = "<group>"; };
		A0BFBDBE2A8218B40095F743 /* StackViewController.swift */ = {isa = PBXFileReference; lastKnownFileType = sourcecode.swift; path = StackViewController.swift; sourceTree = "<group>"; };
		A0DEE9D92A5D1A5D0087A5B8 /* Debouncer.swift */ = {isa = PBXFileReference; lastKnownFileType = sourcecode.swift; path = Debouncer.swift; sourceTree = "<group>"; };
		A0E5A72B2AA998BB005628E6 /* UndoRedoViewController.swift */ = {isa = PBXFileReference; lastKnownFileType = sourcecode.swift; path = UndoRedoViewController.swift; sourceTree = "<group>"; };
		A0E8BAC92AC3AB69006232A0 /* EnumViewModel.swift */ = {isa = PBXFileReference; lastKnownFileType = sourcecode.swift; path = EnumViewModel.swift; sourceTree = "<group>"; };
		A0E8BACB2AC3AB72006232A0 /* EnumViewController.swift */ = {isa = PBXFileReference; lastKnownFileType = sourcecode.swift; path = EnumViewController.swift; sourceTree = "<group>"; };
		A0F1215C2AB3E56000F09E96 /* DataCanvasViewController.swift */ = {isa = PBXFileReference; lastKnownFileType = sourcecode.swift; path = DataCanvasViewController.swift; sourceTree = "<group>"; };
		A0F5048C2AAEE8180059C6FD /* TodoViewController.swift */ = {isa = PBXFileReference; lastKnownFileType = sourcecode.swift; path = TodoViewController.swift; sourceTree = "<group>"; };
/* End PBXFileReference section */

/* Begin PBXFrameworksBuildPhase section */
		A0714AC82A56936C0043A4A6 /* Frameworks */ = {
			isa = PBXFrameworksBuildPhase;
			buildActionMask = 2147483647;
			files = (
			);
			runOnlyForDeploymentPostprocessing = 0;
		};
/* End PBXFrameworksBuildPhase section */

/* Begin PBXGroup section */
		A00AF8642A8464CB004B55B1 /* AsyncAwaitViewController */ = {
			isa = PBXGroup;
			children = (
				A00AF8652A8464DB004B55B1 /* AsyncAwaitViewController.swift */,
			);
			path = AsyncAwaitViewController;
			sourceTree = "<group>";
		};
		A059A3902AB1810800226CB5 /* SliderViewController */ = {
			isa = PBXGroup;
			children = (
				A059A3912AB1812000226CB5 /* SliderViewController.swift */,
			);
			path = SliderViewController;
			sourceTree = "<group>";
		};
		A05FC7BB2A5BD0C800CEA3B1 /* DBMultiSyncViewController */ = {
			isa = PBXGroup;
			children = (
				A05FC7BC2A5BD0DF00CEA3B1 /* DBMultiSyncViewController.swift */,
				A05FC7BE2A5BD0E900CEA3B1 /* DBMultiSyncViewModel.swift */,
				A05FC7C32A5BD3D000CEA3B1 /* DBMultiSyncCoreData.swift */,
				A05FC7C52A5BD50E00CEA3B1 /* DrawingEntity.swift */,
				A05FC7C72A5BD55900CEA3B1 /* DrawingStorage.swift */,
				A05FC7C92A5BD5BF00CEA3B1 /* DrawingRepository.swift */,
				A05FC7CB2A5BD5F100CEA3B1 /* Drawing.swift */,
				A05FC7CD2A5BDD0900CEA3B1 /* DBMultiSyncUseCase.swift */,
			);
			path = DBMultiSyncViewController;
			sourceTree = "<group>";
		};
		A05FC7CF2A5BE6AB00CEA3B1 /* RuntimeSyncViewController */ = {
			isa = PBXGroup;
			children = (
				A05FC7D02A5BE6C800CEA3B1 /* RuntimeSyncViewController.swift */,
				A05FC7D22A5BE6F700CEA3B1 /* RuntimeSyncViewModel.swift */,
			);
			path = RuntimeSyncViewController;
			sourceTree = "<group>";
		};
		A065B75E2AA03A4E00C72630 /* ToolPickerViewController */ = {
			isa = PBXGroup;
			children = (
				A065B7612AA06CB200C72630 /* View */,
				A065B75F2AA03A6100C72630 /* ToolPickerControlViewController.swift */,
			);
			path = ToolPickerViewController;
			sourceTree = "<group>";
		};
		A065B7612AA06CB200C72630 /* View */ = {
			isa = PBXGroup;
			children = (
				A03256492AA17A1400818691 /* WidthButton.swift */,
				A03256472AA15C0300818691 /* ColorPickerButton.swift */,
				A065B7622AA06CBB00C72630 /* DrawerButton.swift */,
				A065B7642AA06CD500C72630 /* ToolPickerView.swift */,
				A065B7662AA0701200C72630 /* ToolPickerViewController.swift */,
			);
			path = View;
			sourceTree = "<group>";
		};
		A06E57062AAFF7A3008ED435 /* DynamicCellViewController */ = {
			isa = PBXGroup;
			children = (
				A06E57072AAFF7B7008ED435 /* DynamicCellViewController.swift */,
			);
			path = DynamicCellViewController;
			sourceTree = "<group>";
		};
		A0714AC22A56936C0043A4A6 = {
			isa = PBXGroup;
			children = (
				A0714ACD2A56936C0043A4A6 /* MultiSync */,
				A0714ACC2A56936C0043A4A6 /* Products */,
			);
			sourceTree = "<group>";
		};
		A0714ACC2A56936C0043A4A6 /* Products */ = {
			isa = PBXGroup;
			children = (
				A0714ACB2A56936C0043A4A6 /* MultiSync.app */,
			);
			name = Products;
			sourceTree = "<group>";
		};
		A0714ACD2A56936C0043A4A6 /* MultiSync */ = {
			isa = PBXGroup;
			children = (
				A0A8BF8E2ACF936C00A590E4 /* SubmissionViewController */,
				A0E8BAC82AC3AB5D006232A0 /* EnumViewController */,
				A090809D2ABBDC42008805B4 /* OAuthViewController */,
				A0F1215B2AB3E55400F09E96 /* DataCanvasViewController */,
				A059A3902AB1810800226CB5 /* SliderViewController */,
				A06E57062AAFF7A3008ED435 /* DynamicCellViewController */,
				A0F5048B2AAEE80A0059C6FD /* TodoViewController */,
				A0E5A72A2AA998AB005628E6 /* UndoRedoViewController */,
				A065B75E2AA03A4E00C72630 /* ToolPickerViewController */,
				A00AF8642A8464CB004B55B1 /* AsyncAwaitViewController */,
				A0BFBDBD2A8218A40095F743 /* Stack */,
				A0BFBDB82A81C1C90095F743 /* ButtonsSync */,
				A0A6E2A32A807BB7000EA24D /* ButtonSync */,
				A05FC7CF2A5BE6AB00CEA3B1 /* RuntimeSyncViewController */,
				A05FC7BB2A5BD0C800CEA3B1 /* DBMultiSyncViewController */,
				A0B462AF2A5B7E3200F9910F /* CombineMultiSyncViewController */,
				A0714ACE2A56936C0043A4A6 /* AppDelegate.swift */,
				A0714AD02A56936C0043A4A6 /* SceneDelegate.swift */,
				A0714AD72A56936D0043A4A6 /* Assets.xcassets */,
				A0714AD92A56936D0043A4A6 /* LaunchScreen.storyboard */,
				A0714ADC2A56936D0043A4A6 /* Info.plist */,
				A0714AE22A5693ED0043A4A6 /* MultiSyncViewController.swift */,
				A0683F522A57DFF3003884EE /* CanvasSyncViewController.swift */,
				A05FC7C02A5BD38A00CEA3B1 /* DrawingEntity.xcdatamodeld */,
				A0DEE9D92A5D1A5D0087A5B8 /* Debouncer.swift */,
				A09359412AC114F200206A34 /* AssignViewController.swift */,
				A04B32952ACE5A9300AD49E0 /* CapturePreventionViewController.swift */,
			);
			path = MultiSync;
			sourceTree = "<group>";
		};
		A090809D2ABBDC42008805B4 /* OAuthViewController */ = {
			isa = PBXGroup;
			children = (
				A090809E2ABBDC53008805B4 /* OAuthViewController.swift */,
			);
			path = OAuthViewController;
			sourceTree = "<group>";
		};
		A0A6E2A32A807BB7000EA24D /* ButtonSync */ = {
			isa = PBXGroup;
			children = (
				A0A6E2A12A807712000EA24D /* ButtonSyncViewController.swift */,
				A0A6E2A42A807BC3000EA24D /* ButtonSyncViewModel.swift */,
				A0A6E2A62A807BD7000EA24D /* Selection.swift */,
			);
			path = ButtonSync;
			sourceTree = "<group>";
		};
		A0A8BF8E2ACF936C00A590E4 /* SubmissionViewController */ = {
			isa = PBXGroup;
			children = (
				A0A8BF8F2ACF937D00A590E4 /* SubmissionViewController.swift */,
				A0A8BF912ACF939700A590E4 /* SubmissionViewModel.swift */,
				A0A8BF932ACF93A200A590E4 /* SubmissionTableViewCell.swift */,
				A0A8BF952ACF957200A590E4 /* SubmissionListAdapter.swift */,
				A0A8BF972ACF976F00A590E4 /* Submission.swift */,
			);
			path = SubmissionViewController;
			sourceTree = "<group>";
		};
		A0B462AF2A5B7E3200F9910F /* CombineMultiSyncViewController */ = {
			isa = PBXGroup;
			children = (
				A0B462B02A5B7E4800F9910F /* CombineMultiSyncViewController.swift */,
				A0B462B22A5B7E5000F9910F /* CombineMultiSyncViewModel.swift */,
			);
			path = CombineMultiSyncViewController;
			sourceTree = "<group>";
		};
		A0BFBDB82A81C1C90095F743 /* ButtonsSync */ = {
			isa = PBXGroup;
			children = (
				A0BFBDB92A81C1DA0095F743 /* SelectionButtonsViewModel.swift */,
				A0BFBDBB2A81C1E60095F743 /* SelectionButtonsViewController.swift */,
			);
			path = ButtonsSync;
			sourceTree = "<group>";
		};
		A0BFBDBD2A8218A40095F743 /* Stack */ = {
			isa = PBXGroup;
			children = (
				A0BFBDBE2A8218B40095F743 /* StackViewController.swift */,
			);
			path = Stack;
			sourceTree = "<group>";
		};
		A0E5A72A2AA998AB005628E6 /* UndoRedoViewController */ = {
			isa = PBXGroup;
			children = (
				A0E5A72B2AA998BB005628E6 /* UndoRedoViewController.swift */,
			);
			path = UndoRedoViewController;
			sourceTree = "<group>";
		};
		A0E8BAC82AC3AB5D006232A0 /* EnumViewController */ = {
			isa = PBXGroup;
			children = (
				A0E8BAC92AC3AB69006232A0 /* EnumViewModel.swift */,
				A0E8BACB2AC3AB72006232A0 /* EnumViewController.swift */,
			);
			path = EnumViewController;
			sourceTree = "<group>";
		};
		A0F1215B2AB3E55400F09E96 /* DataCanvasViewController */ = {
			isa = PBXGroup;
			children = (
				A0F1215C2AB3E56000F09E96 /* DataCanvasViewController.swift */,
			);
			path = DataCanvasViewController;
			sourceTree = "<group>";
		};
		A0F5048B2AAEE80A0059C6FD /* TodoViewController */ = {
			isa = PBXGroup;
			children = (
				A0F5048C2AAEE8180059C6FD /* TodoViewController.swift */,
			);
			path = TodoViewController;
			sourceTree = "<group>";
		};
/* End PBXGroup section */

/* Begin PBXNativeTarget section */
		A0714ACA2A56936C0043A4A6 /* MultiSync */ = {
			isa = PBXNativeTarget;
			buildConfigurationList = A0714ADF2A56936D0043A4A6 /* Build configuration list for PBXNativeTarget "MultiSync" */;
			buildPhases = (
				A0714AC72A56936C0043A4A6 /* Sources */,
				A0714AC82A56936C0043A4A6 /* Frameworks */,
				A0714AC92A56936C0043A4A6 /* Resources */,
			);
			buildRules = (
			);
			dependencies = (
			);
			name = MultiSync;
			productName = MultiSync;
			productReference = A0714ACB2A56936C0043A4A6 /* MultiSync.app */;
			productType = "com.apple.product-type.application";
		};
/* End PBXNativeTarget section */

/* Begin PBXProject section */
		A0714AC32A56936C0043A4A6 /* Project object */ = {
			isa = PBXProject;
			attributes = {
				BuildIndependentTargetsInParallel = 1;
				LastSwiftUpdateCheck = 1420;
				LastUpgradeCheck = 1420;
				TargetAttributes = {
					A0714ACA2A56936C0043A4A6 = {
						CreatedOnToolsVersion = 14.2;
					};
				};
			};
			buildConfigurationList = A0714AC62A56936C0043A4A6 /* Build configuration list for PBXProject "MultiSync" */;
			compatibilityVersion = "Xcode 14.0";
			developmentRegion = en;
			hasScannedForEncodings = 0;
			knownRegions = (
				en,
				Base,
			);
			mainGroup = A0714AC22A56936C0043A4A6;
			productRefGroup = A0714ACC2A56936C0043A4A6 /* Products */;
			projectDirPath = "";
			projectRoot = "";
			targets = (
				A0714ACA2A56936C0043A4A6 /* MultiSync */,
			);
		};
/* End PBXProject section */

/* Begin PBXResourcesBuildPhase section */
		A0714AC92A56936C0043A4A6 /* Resources */ = {
			isa = PBXResourcesBuildPhase;
			buildActionMask = 2147483647;
			files = (
				A0714ADB2A56936D0043A4A6 /* LaunchScreen.storyboard in Resources */,
				A0714AD82A56936D0043A4A6 /* Assets.xcassets in Resources */,
			);
			runOnlyForDeploymentPostprocessing = 0;
		};
/* End PBXResourcesBuildPhase section */

/* Begin PBXSourcesBuildPhase section */
		A0714AC72A56936C0043A4A6 /* Sources */ = {
			isa = PBXSourcesBuildPhase;
			buildActionMask = 2147483647;
			files = (
				A0BFBDBC2A81C1E60095F743 /* SelectionButtonsViewController.swift in Sources */,
				A0A6E2A72A807BD7000EA24D /* Selection.swift in Sources */,
				A05FC7C82A5BD55900CEA3B1 /* DrawingStorage.swift in Sources */,
				A0714ACF2A56936C0043A4A6 /* AppDelegate.swift in Sources */,
				A06E57082AAFF7B7008ED435 /* DynamicCellViewController.swift in Sources */,
				A05FC7BD2A5BD0DF00CEA3B1 /* DBMultiSyncViewController.swift in Sources */,
				A05FC7C22A5BD38A00CEA3B1 /* DrawingEntity.xcdatamodeld in Sources */,
				A0BFBDBA2A81C1DA0095F743 /* SelectionButtonsViewModel.swift in Sources */,
				A065B7672AA0701200C72630 /* ToolPickerViewController.swift in Sources */,
				A05FC7D32A5BE6F700CEA3B1 /* RuntimeSyncViewModel.swift in Sources */,
				A0F1215D2AB3E56100F09E96 /* DataCanvasViewController.swift in Sources */,
				A03256482AA15C0300818691 /* ColorPickerButton.swift in Sources */,
				A05FC7C42A5BD3D000CEA3B1 /* DBMultiSyncCoreData.swift in Sources */,
				A065B7632AA06CBB00C72630 /* DrawerButton.swift in Sources */,
				A0E8BACA2AC3AB69006232A0 /* EnumViewModel.swift in Sources */,
				A0BFBDBF2A8218B40095F743 /* StackViewController.swift in Sources */,
				A09359422AC114F200206A34 /* AssignViewController.swift in Sources */,
				A065B7602AA03A6100C72630 /* ToolPickerControlViewController.swift in Sources */,
				A0B462B32A5B7E5000F9910F /* CombineMultiSyncViewModel.swift in Sources */,
				A0683F532A57DFF3003884EE /* CanvasSyncViewController.swift in Sources */,
				A065B7652AA06CD500C72630 /* ToolPickerView.swift in Sources */,
				A05FC7C62A5BD50E00CEA3B1 /* DrawingEntity.swift in Sources */,
				A0A6E2A52A807BC3000EA24D /* ButtonSyncViewModel.swift in Sources */,
				A05FC7CC2A5BD5F100CEA3B1 /* Drawing.swift in Sources */,
				A0714AD12A56936C0043A4A6 /* SceneDelegate.swift in Sources */,
				A04B32962ACE5A9300AD49E0 /* CapturePreventionViewController.swift in Sources */,
				A032564A2AA17A1400818691 /* WidthButton.swift in Sources */,
				A0E5A72C2AA998BB005628E6 /* UndoRedoViewController.swift in Sources */,
				A0DEE9DA2A5D1A5D0087A5B8 /* Debouncer.swift in Sources */,
				A05FC7D12A5BE6C800CEA3B1 /* RuntimeSyncViewController.swift in Sources */,
				A0A8BF962ACF957200A590E4 /* SubmissionListAdapter.swift in Sources */,
				A0714AE32A5693ED0043A4A6 /* MultiSyncViewController.swift in Sources */,
				A0F5048D2AAEE8180059C6FD /* TodoViewController.swift in Sources */,
				A0E8BACC2AC3AB72006232A0 /* EnumViewController.swift in Sources */,
				A0A6E2A22A807712000EA24D /* ButtonSyncViewController.swift in Sources */,
				A00AF8662A8464DB004B55B1 /* AsyncAwaitViewController.swift in Sources */,
				A090809F2ABBDC53008805B4 /* OAuthViewController.swift in Sources */,
				A059A3922AB1812000226CB5 /* SliderViewController.swift in Sources */,
				A0A8BF922ACF939700A590E4 /* SubmissionViewModel.swift in Sources */,
				A0A8BF982ACF976F00A590E4 /* Submission.swift in Sources */,
				A05FC7CE2A5BDD0900CEA3B1 /* DBMultiSyncUseCase.swift in Sources */,
				A0A8BF902ACF937D00A590E4 /* SubmissionViewController.swift in Sources */,
				A0B462B12A5B7E4800F9910F /* CombineMultiSyncViewController.swift in Sources */,
				A05FC7CA2A5BD5BF00CEA3B1 /* DrawingRepository.swift in Sources */,
				A05FC7BF2A5BD0E900CEA3B1 /* DBMultiSyncViewModel.swift in Sources */,
				A0A8BF942ACF93A200A590E4 /* SubmissionTableViewCell.swift in Sources */,
			);
			runOnlyForDeploymentPostprocessing = 0;
		};
/* End PBXSourcesBuildPhase section */

/* Begin PBXVariantGroup section */
		A0714AD92A56936D0043A4A6 /* LaunchScreen.storyboard */ = {
			isa = PBXVariantGroup;
			children = (
				A0714ADA2A56936D0043A4A6 /* Base */,
			);
			name = LaunchScreen.storyboard;
			sourceTree = "<group>";
		};
/* End PBXVariantGroup section */

/* Begin XCBuildConfiguration section */
		A0714ADD2A56936D0043A4A6 /* Debug */ = {
			isa = XCBuildConfiguration;
			buildSettings = {
				ALWAYS_SEARCH_USER_PATHS = NO;
				CLANG_ANALYZER_NONNULL = YES;
				CLANG_ANALYZER_NUMBER_OBJECT_CONVERSION = YES_AGGRESSIVE;
				CLANG_CXX_LANGUAGE_STANDARD = "gnu++20";
				CLANG_ENABLE_MODULES = YES;
				CLANG_ENABLE_OBJC_ARC = YES;
				CLANG_ENABLE_OBJC_WEAK = YES;
				CLANG_WARN_BLOCK_CAPTURE_AUTORELEASING = YES;
				CLANG_WARN_BOOL_CONVERSION = YES;
				CLANG_WARN_COMMA = YES;
				CLANG_WARN_CONSTANT_CONVERSION = YES;
				CLANG_WARN_DEPRECATED_OBJC_IMPLEMENTATIONS = YES;
				CLANG_WARN_DIRECT_OBJC_ISA_USAGE = YES_ERROR;
				CLANG_WARN_DOCUMENTATION_COMMENTS = YES;
				CLANG_WARN_EMPTY_BODY = YES;
				CLANG_WARN_ENUM_CONVERSION = YES;
				CLANG_WARN_INFINITE_RECURSION = YES;
				CLANG_WARN_INT_CONVERSION = YES;
				CLANG_WARN_NON_LITERAL_NULL_CONVERSION = YES;
				CLANG_WARN_OBJC_IMPLICIT_RETAIN_SELF = YES;
				CLANG_WARN_OBJC_LITERAL_CONVERSION = YES;
				CLANG_WARN_OBJC_ROOT_CLASS = YES_ERROR;
				CLANG_WARN_QUOTED_INCLUDE_IN_FRAMEWORK_HEADER = YES;
				CLANG_WARN_RANGE_LOOP_ANALYSIS = YES;
				CLANG_WARN_STRICT_PROTOTYPES = YES;
				CLANG_WARN_SUSPICIOUS_MOVE = YES;
				CLANG_WARN_UNGUARDED_AVAILABILITY = YES_AGGRESSIVE;
				CLANG_WARN_UNREACHABLE_CODE = YES;
				CLANG_WARN__DUPLICATE_METHOD_MATCH = YES;
				COPY_PHASE_STRIP = NO;
				DEBUG_INFORMATION_FORMAT = dwarf;
				ENABLE_STRICT_OBJC_MSGSEND = YES;
				ENABLE_TESTABILITY = YES;
				GCC_C_LANGUAGE_STANDARD = gnu11;
				GCC_DYNAMIC_NO_PIC = NO;
				GCC_NO_COMMON_BLOCKS = YES;
				GCC_OPTIMIZATION_LEVEL = 0;
				GCC_PREPROCESSOR_DEFINITIONS = (
					"DEBUG=1",
					"$(inherited)",
				);
				GCC_WARN_64_TO_32_BIT_CONVERSION = YES;
				GCC_WARN_ABOUT_RETURN_TYPE = YES_ERROR;
				GCC_WARN_UNDECLARED_SELECTOR = YES;
				GCC_WARN_UNINITIALIZED_AUTOS = YES_AGGRESSIVE;
				GCC_WARN_UNUSED_FUNCTION = YES;
				GCC_WARN_UNUSED_VARIABLE = YES;
				IPHONEOS_DEPLOYMENT_TARGET = 16.2;
				MTL_ENABLE_DEBUG_INFO = INCLUDE_SOURCE;
				MTL_FAST_MATH = YES;
				ONLY_ACTIVE_ARCH = YES;
				SDKROOT = iphoneos;
				SWIFT_ACTIVE_COMPILATION_CONDITIONS = DEBUG;
				SWIFT_OPTIMIZATION_LEVEL = "-Onone";
			};
			name = Debug;
		};
		A0714ADE2A56936D0043A4A6 /* Release */ = {
			isa = XCBuildConfiguration;
			buildSettings = {
				ALWAYS_SEARCH_USER_PATHS = NO;
				CLANG_ANALYZER_NONNULL = YES;
				CLANG_ANALYZER_NUMBER_OBJECT_CONVERSION = YES_AGGRESSIVE;
				CLANG_CXX_LANGUAGE_STANDARD = "gnu++20";
				CLANG_ENABLE_MODULES = YES;
				CLANG_ENABLE_OBJC_ARC = YES;
				CLANG_ENABLE_OBJC_WEAK = YES;
				CLANG_WARN_BLOCK_CAPTURE_AUTORELEASING = YES;
				CLANG_WARN_BOOL_CONVERSION = YES;
				CLANG_WARN_COMMA = YES;
				CLANG_WARN_CONSTANT_CONVERSION = YES;
				CLANG_WARN_DEPRECATED_OBJC_IMPLEMENTATIONS = YES;
				CLANG_WARN_DIRECT_OBJC_ISA_USAGE = YES_ERROR;
				CLANG_WARN_DOCUMENTATION_COMMENTS = YES;
				CLANG_WARN_EMPTY_BODY = YES;
				CLANG_WARN_ENUM_CONVERSION = YES;
				CLANG_WARN_INFINITE_RECURSION = YES;
				CLANG_WARN_INT_CONVERSION = YES;
				CLANG_WARN_NON_LITERAL_NULL_CONVERSION = YES;
				CLANG_WARN_OBJC_IMPLICIT_RETAIN_SELF = YES;
				CLANG_WARN_OBJC_LITERAL_CONVERSION = YES;
				CLANG_WARN_OBJC_ROOT_CLASS = YES_ERROR;
				CLANG_WARN_QUOTED_INCLUDE_IN_FRAMEWORK_HEADER = YES;
				CLANG_WARN_RANGE_LOOP_ANALYSIS = YES;
				CLANG_WARN_STRICT_PROTOTYPES = YES;
				CLANG_WARN_SUSPICIOUS_MOVE = YES;
				CLANG_WARN_UNGUARDED_AVAILABILITY = YES_AGGRESSIVE;
				CLANG_WARN_UNREACHABLE_CODE = YES;
				CLANG_WARN__DUPLICATE_METHOD_MATCH = YES;
				COPY_PHASE_STRIP = NO;
				DEBUG_INFORMATION_FORMAT = "dwarf-with-dsym";
				ENABLE_NS_ASSERTIONS = NO;
				ENABLE_STRICT_OBJC_MSGSEND = YES;
				GCC_C_LANGUAGE_STANDARD = gnu11;
				GCC_NO_COMMON_BLOCKS = YES;
				GCC_WARN_64_TO_32_BIT_CONVERSION = YES;
				GCC_WARN_ABOUT_RETURN_TYPE = YES_ERROR;
				GCC_WARN_UNDECLARED_SELECTOR = YES;
				GCC_WARN_UNINITIALIZED_AUTOS = YES_AGGRESSIVE;
				GCC_WARN_UNUSED_FUNCTION = YES;
				GCC_WARN_UNUSED_VARIABLE = YES;
				IPHONEOS_DEPLOYMENT_TARGET = 16.2;
				MTL_ENABLE_DEBUG_INFO = NO;
				MTL_FAST_MATH = YES;
				SDKROOT = iphoneos;
				SWIFT_COMPILATION_MODE = wholemodule;
				SWIFT_OPTIMIZATION_LEVEL = "-O";
				VALIDATE_PRODUCT = YES;
			};
			name = Release;
		};
		A0714AE02A56936D0043A4A6 /* Debug */ = {
			isa = XCBuildConfiguration;
			buildSettings = {
				ASSETCATALOG_COMPILER_APPICON_NAME = AppIcon;
				ASSETCATALOG_COMPILER_GLOBAL_ACCENT_COLOR_NAME = AccentColor;
				CODE_SIGN_STYLE = Automatic;
				CURRENT_PROJECT_VERSION = 1;
				DEVELOPMENT_TEAM = 3ZJJVW89MW;
				GENERATE_INFOPLIST_FILE = YES;
				INFOPLIST_FILE = MultiSync/Info.plist;
				INFOPLIST_KEY_UIApplicationSupportsIndirectInputEvents = YES;
				INFOPLIST_KEY_UILaunchStoryboardName = LaunchScreen;
				INFOPLIST_KEY_UIMainStoryboardFile = "";
				INFOPLIST_KEY_UISupportedInterfaceOrientations_iPad = "UIInterfaceOrientationPortrait UIInterfaceOrientationPortraitUpsideDown UIInterfaceOrientationLandscapeLeft UIInterfaceOrientationLandscapeRight";
				INFOPLIST_KEY_UISupportedInterfaceOrientations_iPhone = "UIInterfaceOrientationPortrait UIInterfaceOrientationLandscapeLeft UIInterfaceOrientationLandscapeRight";
				LD_RUNPATH_SEARCH_PATHS = (
					"$(inherited)",
					"@executable_path/Frameworks",
				);
				MARKETING_VERSION = 1.0;
				PRODUCT_BUNDLE_IDENTIFIER = com.horus222128.MultiSync;
				PRODUCT_NAME = "$(TARGET_NAME)";
				SUPPORTED_PLATFORMS = "iphoneos iphonesimulator";
				SUPPORTS_MACCATALYST = NO;
				SUPPORTS_MAC_DESIGNED_FOR_IPHONE_IPAD = NO;
				SWIFT_EMIT_LOC_STRINGS = YES;
				SWIFT_VERSION = 5.0;
				TARGETED_DEVICE_FAMILY = "1,2";
			};
			name = Debug;
		};
		A0714AE12A56936D0043A4A6 /* Release */ = {
			isa = XCBuildConfiguration;
			buildSettings = {
				ASSETCATALOG_COMPILER_APPICON_NAME = AppIcon;
				ASSETCATALOG_COMPILER_GLOBAL_ACCENT_COLOR_NAME = AccentColor;
				CODE_SIGN_STYLE = Automatic;
				CURRENT_PROJECT_VERSION = 1;
				DEVELOPMENT_TEAM = 3ZJJVW89MW;
				GENERATE_INFOPLIST_FILE = YES;
				INFOPLIST_FILE = MultiSync/Info.plist;
				INFOPLIST_KEY_UIApplicationSupportsIndirectInputEvents = YES;
				INFOPLIST_KEY_UILaunchStoryboardName = LaunchScreen;
				INFOPLIST_KEY_UIMainStoryboardFile = "";
				INFOPLIST_KEY_UISupportedInterfaceOrientations_iPad = "UIInterfaceOrientationPortrait UIInterfaceOrientationPortraitUpsideDown UIInterfaceOrientationLandscapeLeft UIInterfaceOrientationLandscapeRight";
				INFOPLIST_KEY_UISupportedInterfaceOrientations_iPhone = "UIInterfaceOrientationPortrait UIInterfaceOrientationLandscapeLeft UIInterfaceOrientationLandscapeRight";
				LD_RUNPATH_SEARCH_PATHS = (
					"$(inherited)",
					"@executable_path/Frameworks",
				);
				MARKETING_VERSION = 1.0;
				PRODUCT_BUNDLE_IDENTIFIER = com.horus222128.MultiSync;
				PRODUCT_NAME = "$(TARGET_NAME)";
				SUPPORTED_PLATFORMS = "iphoneos iphonesimulator";
				SUPPORTS_MACCATALYST = NO;
				SUPPORTS_MAC_DESIGNED_FOR_IPHONE_IPAD = NO;
				SWIFT_EMIT_LOC_STRINGS = YES;
				SWIFT_VERSION = 5.0;
				TARGETED_DEVICE_FAMILY = "1,2";
			};
			name = Release;
		};
/* End XCBuildConfiguration section */

/* Begin XCConfigurationList section */
		A0714AC62A56936C0043A4A6 /* Build configuration list for PBXProject "MultiSync" */ = {
			isa = XCConfigurationList;
			buildConfigurations = (
				A0714ADD2A56936D0043A4A6 /* Debug */,
				A0714ADE2A56936D0043A4A6 /* Release */,
			);
			defaultConfigurationIsVisible = 0;
			defaultConfigurationName = Release;
		};
		A0714ADF2A56936D0043A4A6 /* Build configuration list for PBXNativeTarget "MultiSync" */ = {
			isa = XCConfigurationList;
			buildConfigurations = (
				A0714AE02A56936D0043A4A6 /* Debug */,
				A0714AE12A56936D0043A4A6 /* Release */,
			);
			defaultConfigurationIsVisible = 0;
			defaultConfigurationName = Release;
		};
/* End XCConfigurationList section */

/* Begin XCVersionGroup section */
		A05FC7C02A5BD38A00CEA3B1 /* DrawingEntity.xcdatamodeld */ = {
			isa = XCVersionGroup;
			children = (
				A05FC7C12A5BD38A00CEA3B1 /* Drawing.xcdatamodel */,
			);
			currentVersion = A05FC7C12A5BD38A00CEA3B1 /* Drawing.xcdatamodel */;
			path = DrawingEntity.xcdatamodeld;
			sourceTree = "<group>";
			versionGroupType = wrapper.xcdatamodel;
		};
/* End XCVersionGroup section */
	};
	rootObject = A0714AC32A56936C0043A4A6 /* Project object */;
}
